"
<!DOCTYPE html>\n<html ng-app=\"accounts\" ng-csp>\n

<head>\n
	<meta charset=\"utf-8\">\n <title>Error - Spotify</title>\n
	<meta name=\"viewport\" content=\"width=device-width, initial-scale=1.0, maximum-scale=1.0, user-scalable=no\">\n
	<base href=\"/\">\n <link rel=\"icon\"
		href=\"https://accounts.scdn.co/images/favicon.ace4d8543bbb017893402a1e9d1ac1fa.ico\">\n <link
		href=\"https://accounts.scdn.co/css/index.30979a93ab5c00e65b75.css\" media=\"screen\" rel=\"stylesheet\">\n
</head>\n

<body>\n <div class=\"head\">\n <a class=\"spotify-logo\" href=\"/\" tabindex=\"-1\" title=\"Spotify\"></a>\n </div>\n\n
	<div class=\"container-fluid error\">\n <div class=\"content\">\n <h1 class=\"h1\">Error</h1>\n <p>\n Oops!
				Something went wrong, please try again or check out our <a href=\"https://www.spotify.com/help\">help
					area</a>.\n </p>\n </div>\n </div>\n <script async defer
					src=\"https://accounts.scdn.co/js/error.94292c96a8fbe1e2ec79.js\" sp-error=''></script>\n </body>\n

</html>\n"